{
  "name": "actions-deploy-cage",
  "lockfileVersion": 3,
  "requires": true,
  "packages": {
    "": {
      "name": "actions-deploy-cage",
      "license": "MIT",
      "dependencies": {
        "@loilo-inc/actions-deploy-cage": "^0.5.6"
      }
    },
    "node_modules/@loilo-inc/actions-deploy-cage": {
      "version": "0.5.6",
      "resolved": "https://npm.pkg.github.com/download/@loilo-inc/actions-deploy-cage/0.5.6/b7247a9b835ee87e5cc99deac7bc2e804e9cedea",
      "integrity": "sha512-8s0iaNIaKmp/5yine3Qgdn8GJZqjGNX0bz42wP68Wvk7nBrVdH7f4e7tj8c5G1tBVpzH/ekRAPpEBJHsWomB/Q==",
      "license": "MIT"
    }
  }
}
