{
  "name": "actions-deploy-cage",
  "lockfileVersion": 3,
  "requires": true,
  "packages": {
    "": {
      "name": "actions-deploy-cage",
      "license": "MIT",
      "dependencies": {
        "@loilo-inc/actions-deploy-cage": "^0.5.7"
      }
    },
    "node_modules/@loilo-inc/actions-deploy-cage": {
      "version": "0.5.7",
      "resolved": "https://npm.pkg.github.com/download/@loilo-inc/actions-deploy-cage/0.5.7/16783c22c0ef733352ba55e66fe8f2dd9cc38a8e",
      "integrity": "sha512-dSnpszypx/vD8IYn21zV4OQt12Y1c5vEo+FN9aRDoEMTYeNGXA4qYPZ3jQ+Jss2LegvsR2urkIVjQSsRQt+8Ng==",
      "license": "MIT"
    }
  }
}
